
Microsoft Visual Studio Solution File, Format Version 12.00
# Visual Studio 15
Project("{FAE04EC0-301F-11D3-BF4B-00C04F79EFBC}") = "Unity.Timeline", "Unity.Timeline.csproj", "{05D0BCF0-462E-758D-2802-F7A248BD0C6D}"
EndProject
Project("{FAE04EC0-301F-11D3-BF4B-00C04F79EFBC}") = "Unity.Timeline.Editor", "Unity.Timeline.Editor.csproj", "{69E9E96D-4A9B-22E1-F435-BECFDC87AEB5}"
EndProject
Project("{FAE04EC0-301F-11D3-BF4B-00C04F79EFBC}") = "Unity.InputSystem", "Unity.InputSystem.csproj", "{ADF0DB21-3187-AC25-ED02-86228D88F0BB}"
EndProject
Project("{FAE04EC0-301F-11D3-BF4B-00C04F79EFBC}") = "Assembly-CSharp", "Assembly-CSharp.csproj", "{BDBCE7D3-139D-3EDB-816D-FB1D73476D25}"
EndProject
Project("{FAE04EC0-301F-11D3-BF4B-00C04F79EFBC}") = "Unity.ShaderGraph.Editor", "Unity.ShaderGraph.Editor.csproj", "{1FDBC6DF-4DC4-58C9-0514-4B978DFEEDA6}"
EndProject
Project("{FAE04EC0-301F-11D3-BF4B-00C04F79EFBC}") = "Unity.RenderPipelines.Universal.Editor", "Unity.RenderPipelines.Universal.Editor.csproj", "{3DBBDA71-A1B3-7D2B-DD10-981039D85DC2}"
EndProject
Project("{FAE04EC0-301F-11D3-BF4B-00C04F79EFBC}") = "Unity.TextMeshPro.Editor", "Unity.TextMeshPro.Editor.csproj", "{E06F5A44-85BA-BDBD-3FEA-C821B082368E}"
EndProject
Project("{FAE04EC0-301F-11D3-BF4B-00C04F79EFBC}") = "Unity.2D.Tilemap.Editor", "Unity.2D.Tilemap.Editor.csproj", "{08E48E1E-70A1-AA25-75A2-3272537D4516}"
EndProject
Project("{FAE04EC0-301F-11D3-BF4B-00C04F79EFBC}") = "Unity.2D.Aseprite.Editor", "Unity.2D.Aseprite.Editor.csproj", "{989D7A1A-45C9-039F-4CD6-A8EE02496ACD}"
EndProject
Project("{FAE04EC0-301F-11D3-BF4B-00C04F79EFBC}") = "Unity.RenderPipelines.Universal.Runtime", "Unity.RenderPipelines.Universal.Runtime.csproj", "{F2475BD3-D6E3-E877-EBBB-D3851D2A7CB7}"
EndProject
Project("{FAE04EC0-301F-11D3-BF4B-00C04F79EFBC}") = "UnityEditor.UI", "UnityEditor.UI.csproj", "{FA0D7D50-AE9B-3D1D-913A-4A0E1DDD99B0}"
EndProject
Project("{FAE04EC0-301F-11D3-BF4B-00C04F79EFBC}") = "Unity.PlasticSCM.Editor", "Unity.PlasticSCM.Editor.csproj", "{47A50B2C-B459-BF41-C23C-F32B5F1A0E73}"
EndProject
Project("{FAE04EC0-301F-11D3-BF4B-00C04F79EFBC}") = "Unity.2D.Psdimporter.Editor", "Unity.2D.Psdimporter.Editor.csproj", "{0C25DD08-B282-8B4C-EA63-57AD67A13165}"
EndProject
Project("{FAE04EC0-301F-11D3-BF4B-00C04F79EFBC}") = "Unity.RenderPipelines.Core.Runtime", "Unity.RenderPipelines.Core.Runtime.csproj", "{DADEBEE3-AE1B-CA7C-C090-53DA0E0F116B}"
EndProject
Project("{FAE04EC0-301F-11D3-BF4B-00C04F79EFBC}") = "Unity.Mathematics", "Unity.Mathematics.csproj", "{9E7CCC37-B866-CC63-4BBC-C5DFF2002392}"
EndProject
Project("{FAE04EC0-301F-11D3-BF4B-00C04F79EFBC}") = "Unity.RenderPipelines.Core.Editor", "Unity.RenderPipelines.Core.Editor.csproj", "{1EC489DA-F370-190A-7331-4182FE491471}"
EndProject
Project("{FAE04EC0-301F-11D3-BF4B-00C04F79EFBC}") = "Unity.2D.Common.Path.Editor", "Unity.2D.Common.Path.Editor.csproj", "{D5B47D93-8060-DA57-3B30-0D8947418ED9}"
EndProject
Project("{FAE04EC0-301F-11D3-BF4B-00C04F79EFBC}") = "Unity.2D.Animation.Editor", "Unity.2D.Animation.Editor.csproj", "{2C44565E-F670-79AA-96D4-6C136E8EC820}"
EndProject
Project("{FAE04EC0-301F-11D3-BF4B-00C04F79EFBC}") = "Cinemachine", "Cinemachine.csproj", "{D9E256D2-D757-30F3-D8BF-3BDBEF7CEA07}"
EndProject
Project("{FAE04EC0-301F-11D3-BF4B-00C04F79EFBC}") = "Unity.2D.IK.Runtime", "Unity.2D.IK.Runtime.csproj", "{66057721-E4DF-43FF-046F-B040D355C439}"
EndProject
Project("{FAE04EC0-301F-11D3-BF4B-00C04F79EFBC}") = "UnityEditor.TestRunner", "UnityEditor.TestRunner.csproj", "{A806DC37-F6AA-8196-9408-0C79BA01BED0}"
EndProject
Project("{FAE04EC0-301F-11D3-BF4B-00C04F79EFBC}") = "UnityEngine.TestRunner", "UnityEngine.TestRunner.csproj", "{BEA28E58-7DE6-B02A-E1AD-10EFBDDEF8B7}"
EndProject
Project("{FAE04EC0-301F-11D3-BF4B-00C04F79EFBC}") = "PsdPlugin", "PsdPlugin.csproj", "{95925AC4-2429-72A4-0636-883E588E12B8}"
EndProject
Project("{FAE04EC0-301F-11D3-BF4B-00C04F79EFBC}") = "Unity.Searcher.Editor", "Unity.Searcher.Editor.csproj", "{4D8B1D55-3895-F5C6-125E-F392CAB95C17}"
EndProject
Project("{FAE04EC0-301F-11D3-BF4B-00C04F79EFBC}") = "Unity.Burst", "Unity.Burst.csproj", "{2116A3BB-7DCC-AE8B-AAEC-6F16E24B1789}"
EndProject
Project("{FAE04EC0-301F-11D3-BF4B-00C04F79EFBC}") = "UnityEngine.UI", "UnityEngine.UI.csproj", "{A831388F-4F12-4198-1767-47ECCBF52A03}"
EndProject
Project("{FAE04EC0-301F-11D3-BF4B-00C04F79EFBC}") = "Unity.2D.SpriteShape.Editor", "Unity.2D.SpriteShape.Editor.csproj", "{FA374DCC-5204-C18B-18C8-4806C42F9E30}"
EndProject
Project("{FAE04EC0-301F-11D3-BF4B-00C04F79EFBC}") = "Unity.Collections", "Unity.Collections.csproj", "{162AF3C1-7BD5-2D3D-4430-284B4257B3C6}"
EndProject
Project("{FAE04EC0-301F-11D3-BF4B-00C04F79EFBC}") = "Unity.VisualStudio.Editor", "Unity.VisualStudio.Editor.csproj", "{09C6457D-E5CC-0FED-2FD1-5D16D25ACBEF}"
EndProject
Project("{FAE04EC0-301F-11D3-BF4B-00C04F79EFBC}") = "com.unity.cinemachine.editor", "com.unity.cinemachine.editor.csproj", "{9E341FD4-6F14-906C-8A87-1713272CA32B}"
EndProject
Project("{FAE04EC0-301F-11D3-BF4B-00C04F79EFBC}") = "PPv2URPConverters", "PPv2URPConverters.csproj", "{E88D8263-DDC8-F0BA-AE3F-88522ABD33AC}"
EndProject
Project("{FAE04EC0-301F-11D3-BF4B-00C04F79EFBC}") = "Unity.2D.Tilemap.Extras.Editor", "Unity.2D.Tilemap.Extras.Editor.csproj", "{01CCE93B-358F-7D07-9FD9-CE2746FC7B78}"
EndProject
Project("{FAE04EC0-301F-11D3-BF4B-00C04F79EFBC}") = "Unity.Rider.Editor", "Unity.Rider.Editor.csproj", "{03164CD8-8C22-324D-A159-1290E4BF1BB9}"
EndProject
Project("{FAE04EC0-301F-11D3-BF4B-00C04F79EFBC}") = "Unity.InternalAPIEditorBridge.001", "Unity.InternalAPIEditorBridge.001.csproj", "{B4FB9760-6287-2945-7D8B-9CE5AD31908F}"
EndProject
Project("{FAE04EC0-301F-11D3-BF4B-00C04F79EFBC}") = "Unity.2D.SpriteShape.Runtime", "Unity.2D.SpriteShape.Runtime.csproj", "{8ABE4A55-2E56-47E7-C026-C358E41919F9}"
EndProject
Project("{FAE04EC0-301F-11D3-BF4B-00C04F79EFBC}") = "Unity.2D.Animation.Runtime", "Unity.2D.Animation.Runtime.csproj", "{1461A40F-948C-0ED9-C10E-0BF4C342574C}"
EndProject
Project("{FAE04EC0-301F-11D3-BF4B-00C04F79EFBC}") = "Unity.Burst.CodeGen", "Unity.Burst.CodeGen.csproj", "{4CB6ADF3-ED7E-C342-C28C-F8D652B2E4E7}"
EndProject
Project("{FAE04EC0-301F-11D3-BF4B-00C04F79EFBC}") = "Unity.RenderPipeline.Universal.ShaderLibrary", "Unity.RenderPipeline.Universal.ShaderLibrary.csproj", "{FF804C07-75CB-4ABE-ECDD-A91FC9516D41}"
EndProject
Project("{FAE04EC0-301F-11D3-BF4B-00C04F79EFBC}") = "Unity.2D.Tilemap.Extras", "Unity.2D.Tilemap.Extras.csproj", "{6AE565C6-FEC1-EF6B-2518-7BAF7D8A1FFE}"
EndProject
Project("{FAE04EC0-301F-11D3-BF4B-00C04F79EFBC}") = "Unity.TextMeshPro", "Unity.TextMeshPro.csproj", "{66DB29D0-E17B-C28E-0427-618A06C8BD69}"
EndProject
Project("{FAE04EC0-301F-11D3-BF4B-00C04F79EFBC}") = "Unity.2D.Aseprite.Common", "Unity.2D.Aseprite.Common.csproj", "{69F48C4B-6932-41B8-271A-5AEDD5DE7AF6}"
EndProject
Project("{FAE04EC0-301F-11D3-BF4B-00C04F79EFBC}") = "Unity.2D.IK.Editor", "Unity.2D.IK.Editor.csproj", "{6096B022-16F2-5C64-E84C-B2987C6C641B}"
EndProject
Project("{FAE04EC0-301F-11D3-BF4B-00C04F79EFBC}") = "Unity.InternalAPIEngineBridge.001", "Unity.InternalAPIEngineBridge.001.csproj", "{753A8F0E-CB24-923C-AC52-BAA7AEAD2C3E}"
EndProject
Project("{FAE04EC0-301F-11D3-BF4B-00C04F79EFBC}") = "Unity.Burst.Editor", "Unity.Burst.Editor.csproj", "{28BB612B-AC8D-6229-7D29-DAFF97ED612A}"
EndProject
Project("{FAE04EC0-301F-11D3-BF4B-00C04F79EFBC}") = "Unity.2D.Common.Editor", "Unity.2D.Common.Editor.csproj", "{D624BDD2-70F4-F2DA-521D-584F275A5DBB}"
EndProject
Project("{FAE04EC0-301F-11D3-BF4B-00C04F79EFBC}") = "Unity.2D.Sprite.Editor", "Unity.2D.Sprite.Editor.csproj", "{BD766D27-54BF-5F5E-2687-24C8F7A1C0DB}"
EndProject
Project("{FAE04EC0-301F-11D3-BF4B-00C04F79EFBC}") = "Unity.2D.PixelPerfect", "Unity.2D.PixelPerfect.csproj", "{850CA4F3-9F0E-0AE6-55B2-A01E69CCCD23}"
EndProject
Project("{FAE04EC0-301F-11D3-BF4B-00C04F79EFBC}") = "Unity.2D.PixelPerfect.Editor", "Unity.2D.PixelPerfect.Editor.csproj", "{6080E4D2-BB36-5C0A-97CB-0A92C0B24552}"
EndProject
Project("{FAE04EC0-301F-11D3-BF4B-00C04F79EFBC}") = "Unity.2D.Common.Runtime", "Unity.2D.Common.Runtime.csproj", "{1A14E836-9851-1044-530B-11F4EA3B335F}"
EndProject
Project("{FAE04EC0-301F-11D3-BF4B-00C04F79EFBC}") = "Unity.ShaderGraph.Utilities", "Unity.ShaderGraph.Utilities.csproj", "{575B8770-000E-031F-47D6-EFE4261A814C}"
EndProject
Project("{FAE04EC0-301F-11D3-BF4B-00C04F79EFBC}") = "Unity.InputSystem.ForUI", "Unity.InputSystem.ForUI.csproj", "{CE419737-169F-8A6A-5ADA-EE850DF0A53C}"
EndProject
Project("{FAE04EC0-301F-11D3-BF4B-00C04F79EFBC}") = "Unity.Mathematics.Editor", "Unity.Mathematics.Editor.csproj", "{DC0DD792-4E50-D397-C769-0840D8A2998C}"
EndProject
Project("{FAE04EC0-301F-11D3-BF4B-00C04F79EFBC}") = "Unity.InputSystem.TestFramework", "Unity.InputSystem.TestFramework.csproj", "{D4E9BB62-1B44-DC57-9407-BECD9DD57FBB}"
EndProject
Project("{FAE04EC0-301F-11D3-BF4B-00C04F79EFBC}") = "Unity.Collections.BurstCompatibilityGen", "Unity.Collections.BurstCompatibilityGen.csproj", "{5F417128-16C7-8319-8E95-37430870CA2D}"
EndProject
Project("{FAE04EC0-301F-11D3-BF4B-00C04F79EFBC}") = "Unity.InternalAPIEditorBridge.005", "Unity.InternalAPIEditorBridge.005.csproj", "{66DE9374-1F8E-AA61-38E9-72AFFB50C981}"
EndProject
Project("{FAE04EC0-301F-11D3-BF4B-00C04F79EFBC}") = "Unity.Collections.DocCodeSamples", "Unity.Collections.DocCodeSamples.csproj", "{5279452E-4319-D079-2B6B-3B92C35F36EA}"
EndProject
Project("{FAE04EC0-301F-11D3-BF4B-00C04F79EFBC}") = "Unity.CollabProxy.Editor", "Unity.CollabProxy.Editor.csproj", "{202D8F79-B137-D0D7-619A-4ECC7431F850}"
EndProject
Project("{FAE04EC0-301F-11D3-BF4B-00C04F79EFBC}") = "Unity.RenderPipelines.ShaderGraph.ShaderGraphLibrary", "Unity.RenderPipelines.ShaderGraph.ShaderGraphLibrary.csproj", "{ED4EC1B6-FA12-D6CB-5997-3F0A2866719F}"
EndProject
Project("{FAE04EC0-301F-11D3-BF4B-00C04F79EFBC}") = "Unity.RenderPipelines.Core.ShaderLibrary", "Unity.RenderPipelines.Core.ShaderLibrary.csproj", "{233C0213-C975-CA86-3492-A4D0044B29E4}"
EndProject
Project("{FAE04EC0-301F-11D3-BF4B-00C04F79EFBC}") = "Unity.RenderPipelines.Universal.Shaders", "Unity.RenderPipelines.Universal.Shaders.csproj", "{92C7D73E-BF01-0097-6F79-99629EC5DAF8}"
EndProject
Project("{FAE04EC0-301F-11D3-BF4B-00C04F79EFBC}") = "Unity.Timeline", "Unity.Timeline.Player.csproj", "{6B4CBAAA-8722-F91E-F164-CE5FA70C9F08}"
EndProject
Project("{FAE04EC0-301F-11D3-BF4B-00C04F79EFBC}") = "Unity.InputSystem", "Unity.InputSystem.Player.csproj", "{C03C3AEC-D682-1E1E-BB79-E60B811DBF04}"
EndProject
Project("{FAE04EC0-301F-11D3-BF4B-00C04F79EFBC}") = "Assembly-CSharp", "Assembly-CSharp.Player.csproj", "{4660975A-3B99-E4C7-D887-6A78771BDAEF}"
EndProject
Project("{FAE04EC0-301F-11D3-BF4B-00C04F79EFBC}") = "Unity.RenderPipelines.Universal.Runtime", "Unity.RenderPipelines.Universal.Runtime.Player.csproj", "{076A3D2D-1168-0032-53B2-5E77740E0752}"
EndProject
Project("{FAE04EC0-301F-11D3-BF4B-00C04F79EFBC}") = "Unity.RenderPipelines.Core.Runtime", "Unity.RenderPipelines.Core.Runtime.Player.csproj", "{CF92F7B1-A3A9-B92A-47F6-F4A39B55B1CA}"
EndProject
Project("{FAE04EC0-301F-11D3-BF4B-00C04F79EFBC}") = "Unity.Mathematics", "Unity.Mathematics.Player.csproj", "{B537CEE4-D7C4-E94E-A2DF-B9A658E50E44}"
EndProject
Project("{FAE04EC0-301F-11D3-BF4B-00C04F79EFBC}") = "Cinemachine", "Cinemachine.Player.csproj", "{6E8667A6-E0CA-2140-71EB-70ABA22B5CDB}"
EndProject
Project("{FAE04EC0-301F-11D3-BF4B-00C04F79EFBC}") = "Unity.2D.IK.Runtime", "Unity.2D.IK.Runtime.Player.csproj", "{576790F6-D0E2-E9BF-729E-A9B7F8E32DA9}"
EndProject
Project("{FAE04EC0-301F-11D3-BF4B-00C04F79EFBC}") = "UnityEngine.TestRunner", "UnityEngine.TestRunner.Player.csproj", "{749D6CC3-3407-78AA-9449-9E5051BA6DEE}"
EndProject
Project("{FAE04EC0-301F-11D3-BF4B-00C04F79EFBC}") = "Unity.Burst", "Unity.Burst.Player.csproj", "{05A202E8-7EF3-A923-BEF0-4F4F9D38016A}"
EndProject
Project("{FAE04EC0-301F-11D3-BF4B-00C04F79EFBC}") = "UnityEngine.UI", "UnityEngine.UI.Player.csproj", "{41BCB76B-FA8D-6060-0483-F24EE4EEF4BD}"
EndProject
Project("{FAE04EC0-301F-11D3-BF4B-00C04F79EFBC}") = "Unity.Collections", "Unity.Collections.Player.csproj", "{574C882D-DE49-EBBD-A144-8C13FBC965A0}"
EndProject
Project("{FAE04EC0-301F-11D3-BF4B-00C04F79EFBC}") = "Unity.2D.SpriteShape.Runtime", "Unity.2D.SpriteShape.Runtime.Player.csproj", "{4DF0831D-3DF2-3C2C-CB25-7287F0D502FC}"
EndProject
Project("{FAE04EC0-301F-11D3-BF4B-00C04F79EFBC}") = "Unity.2D.Animation.Runtime", "Unity.2D.Animation.Runtime.Player.csproj", "{E7FADB19-1414-CA41-84A5-9D414F62C45C}"
EndProject
Project("{FAE04EC0-301F-11D3-BF4B-00C04F79EFBC}") = "Unity.RenderPipeline.Universal.ShaderLibrary", "Unity.RenderPipeline.Universal.ShaderLibrary.Player.csproj", "{65E341F2-E00C-2F07-060B-EC6C7B26EDB4}"
EndProject
Project("{FAE04EC0-301F-11D3-BF4B-00C04F79EFBC}") = "Unity.2D.Tilemap.Extras", "Unity.2D.Tilemap.Extras.Player.csproj", "{6C52E2A5-E67B-081B-833C-981CF4359FD7}"
EndProject
Project("{FAE04EC0-301F-11D3-BF4B-00C04F79EFBC}") = "Unity.TextMeshPro", "Unity.TextMeshPro.Player.csproj", "{6D75BD70-AC4A-3688-8BF1-520A5376091A}"
EndProject
Project("{FAE04EC0-301F-11D3-BF4B-00C04F79EFBC}") = "Unity.InternalAPIEngineBridge.001", "Unity.InternalAPIEngineBridge.001.Player.csproj", "{68E95CE3-09EF-B415-CEB7-9031182228CF}"
EndProject
Project("{FAE04EC0-301F-11D3-BF4B-00C04F79EFBC}") = "Unity.2D.PixelPerfect", "Unity.2D.PixelPerfect.Player.csproj", "{D8F52280-E1DA-AF68-101E-F4C9104AC66F}"
EndProject
Project("{FAE04EC0-301F-11D3-BF4B-00C04F79EFBC}") = "Unity.2D.Common.Runtime", "Unity.2D.Common.Runtime.Player.csproj", "{310B7770-FC6B-F7EA-8634-3C94CE7CADA7}"
EndProject
Project("{FAE04EC0-301F-11D3-BF4B-00C04F79EFBC}") = "Unity.InputSystem.ForUI", "Unity.InputSystem.ForUI.Player.csproj", "{F2DBCEA3-F851-BAF2-CFD3-399D510281DA}"
EndProject
Project("{FAE04EC0-301F-11D3-BF4B-00C04F79EFBC}") = "Unity.InputSystem.TestFramework", "Unity.InputSystem.TestFramework.Player.csproj", "{724D609D-5830-EB82-CFE0-58E3D5CF3646}"
EndProject
Project("{FAE04EC0-301F-11D3-BF4B-00C04F79EFBC}") = "Unity.RenderPipelines.ShaderGraph.ShaderGraphLibrary", "Unity.RenderPipelines.ShaderGraph.ShaderGraphLibrary.Player.csproj", "{3A31B3EB-BA77-0874-98EC-887C98DB99E7}"
EndProject
Project("{FAE04EC0-301F-11D3-BF4B-00C04F79EFBC}") = "Unity.RenderPipelines.Core.ShaderLibrary", "Unity.RenderPipelines.Core.ShaderLibrary.Player.csproj", "{1F234F7C-A4C1-F986-489D-7B9E90E5124D}"
EndProject
Project("{FAE04EC0-301F-11D3-BF4B-00C04F79EFBC}") = "Unity.RenderPipelines.Universal.Shaders", "Unity.RenderPipelines.Universal.Shaders.Player.csproj", "{D534FE9C-B774-791E-2B1A-A0F4A8B7872F}"
EndProject
Global
	GlobalSection(SolutionConfigurationPlatforms) = preSolution
		Debug|Any CPU = Debug|Any CPU
		Release|Any CPU = Release|Any CPU
	EndGlobalSection
	GlobalSection(ProjectConfigurationPlatforms) = postSolution
		{05D0BCF0-462E-758D-2802-F7A248BD0C6D}.Debug|Any CPU.ActiveCfg = Debug|Any CPU
		{05D0BCF0-462E-758D-2802-F7A248BD0C6D}.Debug|Any CPU.Build.0 = Debug|Any CPU
		{05D0BCF0-462E-758D-2802-F7A248BD0C6D}.Release|Any CPU.ActiveCfg = Release|Any CPU
		{05D0BCF0-462E-758D-2802-F7A248BD0C6D}.Release|Any CPU.Build.0 = Release|Any CPU
		{69E9E96D-4A9B-22E1-F435-BECFDC87AEB5}.Debug|Any CPU.ActiveCfg = Debug|Any CPU
		{69E9E96D-4A9B-22E1-F435-BECFDC87AEB5}.Debug|Any CPU.Build.0 = Debug|Any CPU
		{69E9E96D-4A9B-22E1-F435-BECFDC87AEB5}.Release|Any CPU.ActiveCfg = Release|Any CPU
		{69E9E96D-4A9B-22E1-F435-BECFDC87AEB5}.Release|Any CPU.Build.0 = Release|Any CPU
		{ADF0DB21-3187-AC25-ED02-86228D88F0BB}.Debug|Any CPU.ActiveCfg = Debug|Any CPU
		{ADF0DB21-3187-AC25-ED02-86228D88F0BB}.Debug|Any CPU.Build.0 = Debug|Any CPU
		{ADF0DB21-3187-AC25-ED02-86228D88F0BB}.Release|Any CPU.ActiveCfg = Release|Any CPU
		{ADF0DB21-3187-AC25-ED02-86228D88F0BB}.Release|Any CPU.Build.0 = Release|Any CPU
		{BDBCE7D3-139D-3EDB-816D-FB1D73476D25}.Debug|Any CPU.ActiveCfg = Debug|Any CPU
		{BDBCE7D3-139D-3EDB-816D-FB1D73476D25}.Debug|Any CPU.Build.0 = Debug|Any CPU
		{BDBCE7D3-139D-3EDB-816D-FB1D73476D25}.Release|Any CPU.ActiveCfg = Release|Any CPU
		{BDBCE7D3-139D-3EDB-816D-FB1D73476D25}.Release|Any CPU.Build.0 = Release|Any CPU
		{1FDBC6DF-4DC4-58C9-0514-4B978DFEEDA6}.Debug|Any CPU.ActiveCfg = Debug|Any CPU
		{1FDBC6DF-4DC4-58C9-0514-4B978DFEEDA6}.Debug|Any CPU.Build.0 = Debug|Any CPU
		{1FDBC6DF-4DC4-58C9-0514-4B978DFEEDA6}.Release|Any CPU.ActiveCfg = Release|Any CPU
		{1FDBC6DF-4DC4-58C9-0514-4B978DFEEDA6}.Release|Any CPU.Build.0 = Release|Any CPU
		{3DBBDA71-A1B3-7D2B-DD10-981039D85DC2}.Debug|Any CPU.ActiveCfg = Debug|Any CPU
		{3DBBDA71-A1B3-7D2B-DD10-981039D85DC2}.Debug|Any CPU.Build.0 = Debug|Any CPU
		{3DBBDA71-A1B3-7D2B-DD10-981039D85DC2}.Release|Any CPU.ActiveCfg = Release|Any CPU
		{3DBBDA71-A1B3-7D2B-DD10-981039D85DC2}.Release|Any CPU.Build.0 = Release|Any CPU
		{E06F5A44-85BA-BDBD-3FEA-C821B082368E}.Debug|Any CPU.ActiveCfg = Debug|Any CPU
		{E06F5A44-85BA-BDBD-3FEA-C821B082368E}.Debug|Any CPU.Build.0 = Debug|Any CPU
		{E06F5A44-85BA-BDBD-3FEA-C821B082368E}.Release|Any CPU.ActiveCfg = Release|Any CPU
		{E06F5A44-85BA-BDBD-3FEA-C821B082368E}.Release|Any CPU.Build.0 = Release|Any CPU
		{08E48E1E-70A1-AA25-75A2-3272537D4516}.Debug|Any CPU.ActiveCfg = Debug|Any CPU
		{08E48E1E-70A1-AA25-75A2-3272537D4516}.Debug|Any CPU.Build.0 = Debug|Any CPU
		{08E48E1E-70A1-AA25-75A2-3272537D4516}.Release|Any CPU.ActiveCfg = Release|Any CPU
		{08E48E1E-70A1-AA25-75A2-3272537D4516}.Release|Any CPU.Build.0 = Release|Any CPU
		{989D7A1A-45C9-039F-4CD6-A8EE02496ACD}.Debug|Any CPU.ActiveCfg = Debug|Any CPU
		{989D7A1A-45C9-039F-4CD6-A8EE02496ACD}.Debug|Any CPU.Build.0 = Debug|Any CPU
		{989D7A1A-45C9-039F-4CD6-A8EE02496ACD}.Release|Any CPU.ActiveCfg = Release|Any CPU
		{989D7A1A-45C9-039F-4CD6-A8EE02496ACD}.Release|Any CPU.Build.0 = Release|Any CPU
		{F2475BD3-D6E3-E877-EBBB-D3851D2A7CB7}.Debug|Any CPU.ActiveCfg = Debug|Any CPU
		{F2475BD3-D6E3-E877-EBBB-D3851D2A7CB7}.Debug|Any CPU.Build.0 = Debug|Any CPU
		{F2475BD3-D6E3-E877-EBBB-D3851D2A7CB7}.Release|Any CPU.ActiveCfg = Release|Any CPU
		{F2475BD3-D6E3-E877-EBBB-D3851D2A7CB7}.Release|Any CPU.Build.0 = Release|Any CPU
		{FA0D7D50-AE9B-3D1D-913A-4A0E1DDD99B0}.Debug|Any CPU.ActiveCfg = Debug|Any CPU
		{FA0D7D50-AE9B-3D1D-913A-4A0E1DDD99B0}.Debug|Any CPU.Build.0 = Debug|Any CPU
		{FA0D7D50-AE9B-3D1D-913A-4A0E1DDD99B0}.Release|Any CPU.ActiveCfg = Release|Any CPU
		{FA0D7D50-AE9B-3D1D-913A-4A0E1DDD99B0}.Release|Any CPU.Build.0 = Release|Any CPU
		{47A50B2C-B459-BF41-C23C-F32B5F1A0E73}.Debug|Any CPU.ActiveCfg = Debug|Any CPU
		{47A50B2C-B459-BF41-C23C-F32B5F1A0E73}.Debug|Any CPU.Build.0 = Debug|Any CPU
		{47A50B2C-B459-BF41-C23C-F32B5F1A0E73}.Release|Any CPU.ActiveCfg = Release|Any CPU
		{47A50B2C-B459-BF41-C23C-F32B5F1A0E73}.Release|Any CPU.Build.0 = Release|Any CPU
		{0C25DD08-B282-8B4C-EA63-57AD67A13165}.Debug|Any CPU.ActiveCfg = Debug|Any CPU
		{0C25DD08-B282-8B4C-EA63-57AD67A13165}.Debug|Any CPU.Build.0 = Debug|Any CPU
		{0C25DD08-B282-8B4C-EA63-57AD67A13165}.Release|Any CPU.ActiveCfg = Release|Any CPU
		{0C25DD08-B282-8B4C-EA63-57AD67A13165}.Release|Any CPU.Build.0 = Release|Any CPU
		{DADEBEE3-AE1B-CA7C-C090-53DA0E0F116B}.Debug|Any CPU.ActiveCfg = Debug|Any CPU
		{DADEBEE3-AE1B-CA7C-C090-53DA0E0F116B}.Debug|Any CPU.Build.0 = Debug|Any CPU
		{DADEBEE3-AE1B-CA7C-C090-53DA0E0F116B}.Release|Any CPU.ActiveCfg = Release|Any CPU
		{DADEBEE3-AE1B-CA7C-C090-53DA0E0F116B}.Release|Any CPU.Build.0 = Release|Any CPU
		{9E7CCC37-B866-CC63-4BBC-C5DFF2002392}.Debug|Any CPU.ActiveCfg = Debug|Any CPU
		{9E7CCC37-B866-CC63-4BBC-C5DFF2002392}.Debug|Any CPU.Build.0 = Debug|Any CPU
		{9E7CCC37-B866-CC63-4BBC-C5DFF2002392}.Release|Any CPU.ActiveCfg = Release|Any CPU
		{9E7CCC37-B866-CC63-4BBC-C5DFF2002392}.Release|Any CPU.Build.0 = Release|Any CPU
		{1EC489DA-F370-190A-7331-4182FE491471}.Debug|Any CPU.ActiveCfg = Debug|Any CPU
		{1EC489DA-F370-190A-7331-4182FE491471}.Debug|Any CPU.Build.0 = Debug|Any CPU
		{1EC489DA-F370-190A-7331-4182FE491471}.Release|Any CPU.ActiveCfg = Release|Any CPU
		{1EC489DA-F370-190A-7331-4182FE491471}.Release|Any CPU.Build.0 = Release|Any CPU
		{D5B47D93-8060-DA57-3B30-0D8947418ED9}.Debug|Any CPU.ActiveCfg = Debug|Any CPU
		{D5B47D93-8060-DA57-3B30-0D8947418ED9}.Debug|Any CPU.Build.0 = Debug|Any CPU
		{D5B47D93-8060-DA57-3B30-0D8947418ED9}.Release|Any CPU.ActiveCfg = Release|Any CPU
		{D5B47D93-8060-DA57-3B30-0D8947418ED9}.Release|Any CPU.Build.0 = Release|Any CPU
		{2C44565E-F670-79AA-96D4-6C136E8EC820}.Debug|Any CPU.ActiveCfg = Debug|Any CPU
		{2C44565E-F670-79AA-96D4-6C136E8EC820}.Debug|Any CPU.Build.0 = Debug|Any CPU
		{2C44565E-F670-79AA-96D4-6C136E8EC820}.Release|Any CPU.ActiveCfg = Release|Any CPU
		{2C44565E-F670-79AA-96D4-6C136E8EC820}.Release|Any CPU.Build.0 = Release|Any CPU
		{D9E256D2-D757-30F3-D8BF-3BDBEF7CEA07}.Debug|Any CPU.ActiveCfg = Debug|Any CPU
		{D9E256D2-D757-30F3-D8BF-3BDBEF7CEA07}.Debug|Any CPU.Build.0 = Debug|Any CPU
		{D9E256D2-D757-30F3-D8BF-3BDBEF7CEA07}.Release|Any CPU.ActiveCfg = Release|Any CPU
		{D9E256D2-D757-30F3-D8BF-3BDBEF7CEA07}.Release|Any CPU.Build.0 = Release|Any CPU
		{66057721-E4DF-43FF-046F-B040D355C439}.Debug|Any CPU.ActiveCfg = Debug|Any CPU
		{66057721-E4DF-43FF-046F-B040D355C439}.Debug|Any CPU.Build.0 = Debug|Any CPU
		{66057721-E4DF-43FF-046F-B040D355C439}.Release|Any CPU.ActiveCfg = Release|Any CPU
		{66057721-E4DF-43FF-046F-B040D355C439}.Release|Any CPU.Build.0 = Release|Any CPU
		{A806DC37-F6AA-8196-9408-0C79BA01BED0}.Debug|Any CPU.ActiveCfg = Debug|Any CPU
		{A806DC37-F6AA-8196-9408-0C79BA01BED0}.Debug|Any CPU.Build.0 = Debug|Any CPU
		{A806DC37-F6AA-8196-9408-0C79BA01BED0}.Release|Any CPU.ActiveCfg = Release|Any CPU
		{A806DC37-F6AA-8196-9408-0C79BA01BED0}.Release|Any CPU.Build.0 = Release|Any CPU
		{BEA28E58-7DE6-B02A-E1AD-10EFBDDEF8B7}.Debug|Any CPU.ActiveCfg = Debug|Any CPU
		{BEA28E58-7DE6-B02A-E1AD-10EFBDDEF8B7}.Debug|Any CPU.Build.0 = Debug|Any CPU
		{BEA28E58-7DE6-B02A-E1AD-10EFBDDEF8B7}.Release|Any CPU.ActiveCfg = Release|Any CPU
		{BEA28E58-7DE6-B02A-E1AD-10EFBDDEF8B7}.Release|Any CPU.Build.0 = Release|Any CPU
		{95925AC4-2429-72A4-0636-883E588E12B8}.Debug|Any CPU.ActiveCfg = Debug|Any CPU
		{95925AC4-2429-72A4-0636-883E588E12B8}.Debug|Any CPU.Build.0 = Debug|Any CPU
		{95925AC4-2429-72A4-0636-883E588E12B8}.Release|Any CPU.ActiveCfg = Release|Any CPU
		{95925AC4-2429-72A4-0636-883E588E12B8}.Release|Any CPU.Build.0 = Release|Any CPU
		{4D8B1D55-3895-F5C6-125E-F392CAB95C17}.Debug|Any CPU.ActiveCfg = Debug|Any CPU
		{4D8B1D55-3895-F5C6-125E-F392CAB95C17}.Debug|Any CPU.Build.0 = Debug|Any CPU
		{4D8B1D55-3895-F5C6-125E-F392CAB95C17}.Release|Any CPU.ActiveCfg = Release|Any CPU
		{4D8B1D55-3895-F5C6-125E-F392CAB95C17}.Release|Any CPU.Build.0 = Release|Any CPU
		{2116A3BB-7DCC-AE8B-AAEC-6F16E24B1789}.Debug|Any CPU.ActiveCfg = Debug|Any CPU
		{2116A3BB-7DCC-AE8B-AAEC-6F16E24B1789}.Debug|Any CPU.Build.0 = Debug|Any CPU
		{2116A3BB-7DCC-AE8B-AAEC-6F16E24B1789}.Release|Any CPU.ActiveCfg = Release|Any CPU
		{2116A3BB-7DCC-AE8B-AAEC-6F16E24B1789}.Release|Any CPU.Build.0 = Release|Any CPU
		{A831388F-4F12-4198-1767-47ECCBF52A03}.Debug|Any CPU.ActiveCfg = Debug|Any CPU
		{A831388F-4F12-4198-1767-47ECCBF52A03}.Debug|Any CPU.Build.0 = Debug|Any CPU
		{A831388F-4F12-4198-1767-47ECCBF52A03}.Release|Any CPU.ActiveCfg = Release|Any CPU
		{A831388F-4F12-4198-1767-47ECCBF52A03}.Release|Any CPU.Build.0 = Release|Any CPU
		{FA374DCC-5204-C18B-18C8-4806C42F9E30}.Debug|Any CPU.ActiveCfg = Debug|Any CPU
		{FA374DCC-5204-C18B-18C8-4806C42F9E30}.Debug|Any CPU.Build.0 = Debug|Any CPU
		{FA374DCC-5204-C18B-18C8-4806C42F9E30}.Release|Any CPU.ActiveCfg = Release|Any CPU
		{FA374DCC-5204-C18B-18C8-4806C42F9E30}.Release|Any CPU.Build.0 = Release|Any CPU
		{162AF3C1-7BD5-2D3D-4430-284B4257B3C6}.Debug|Any CPU.ActiveCfg = Debug|Any CPU
		{162AF3C1-7BD5-2D3D-4430-284B4257B3C6}.Debug|Any CPU.Build.0 = Debug|Any CPU
		{162AF3C1-7BD5-2D3D-4430-284B4257B3C6}.Release|Any CPU.ActiveCfg = Release|Any CPU
		{162AF3C1-7BD5-2D3D-4430-284B4257B3C6}.Release|Any CPU.Build.0 = Release|Any CPU
		{09C6457D-E5CC-0FED-2FD1-5D16D25ACBEF}.Debug|Any CPU.ActiveCfg = Debug|Any CPU
		{09C6457D-E5CC-0FED-2FD1-5D16D25ACBEF}.Debug|Any CPU.Build.0 = Debug|Any CPU
		{09C6457D-E5CC-0FED-2FD1-5D16D25ACBEF}.Release|Any CPU.ActiveCfg = Release|Any CPU
		{09C6457D-E5CC-0FED-2FD1-5D16D25ACBEF}.Release|Any CPU.Build.0 = Release|Any CPU
		{9E341FD4-6F14-906C-8A87-1713272CA32B}.Debug|Any CPU.ActiveCfg = Debug|Any CPU
		{9E341FD4-6F14-906C-8A87-1713272CA32B}.Debug|Any CPU.Build.0 = Debug|Any CPU
		{9E341FD4-6F14-906C-8A87-1713272CA32B}.Release|Any CPU.ActiveCfg = Release|Any CPU
		{9E341FD4-6F14-906C-8A87-1713272CA32B}.Release|Any CPU.Build.0 = Release|Any CPU
		{E88D8263-DDC8-F0BA-AE3F-88522ABD33AC}.Debug|Any CPU.ActiveCfg = Debug|Any CPU
		{E88D8263-DDC8-F0BA-AE3F-88522ABD33AC}.Debug|Any CPU.Build.0 = Debug|Any CPU
		{E88D8263-DDC8-F0BA-AE3F-88522ABD33AC}.Release|Any CPU.ActiveCfg = Release|Any CPU
		{E88D8263-DDC8-F0BA-AE3F-88522ABD33AC}.Release|Any CPU.Build.0 = Release|Any CPU
		{01CCE93B-358F-7D07-9FD9-CE2746FC7B78}.Debug|Any CPU.ActiveCfg = Debug|Any CPU
		{01CCE93B-358F-7D07-9FD9-CE2746FC7B78}.Debug|Any CPU.Build.0 = Debug|Any CPU
		{01CCE93B-358F-7D07-9FD9-CE2746FC7B78}.Release|Any CPU.ActiveCfg = Release|Any CPU
		{01CCE93B-358F-7D07-9FD9-CE2746FC7B78}.Release|Any CPU.Build.0 = Release|Any CPU
		{03164CD8-8C22-324D-A159-1290E4BF1BB9}.Debug|Any CPU.ActiveCfg = Debug|Any CPU
		{03164CD8-8C22-324D-A159-1290E4BF1BB9}.Debug|Any CPU.Build.0 = Debug|Any CPU
		{03164CD8-8C22-324D-A159-1290E4BF1BB9}.Release|Any CPU.ActiveCfg = Release|Any CPU
		{03164CD8-8C22-324D-A159-1290E4BF1BB9}.Release|Any CPU.Build.0 = Release|Any CPU
		{B4FB9760-6287-2945-7D8B-9CE5AD31908F}.Debug|Any CPU.ActiveCfg = Debug|Any CPU
		{B4FB9760-6287-2945-7D8B-9CE5AD31908F}.Debug|Any CPU.Build.0 = Debug|Any CPU
		{B4FB9760-6287-2945-7D8B-9CE5AD31908F}.Release|Any CPU.ActiveCfg = Release|Any CPU
		{B4FB9760-6287-2945-7D8B-9CE5AD31908F}.Release|Any CPU.Build.0 = Release|Any CPU
		{8ABE4A55-2E56-47E7-C026-C358E41919F9}.Debug|Any CPU.ActiveCfg = Debug|Any CPU
		{8ABE4A55-2E56-47E7-C026-C358E41919F9}.Debug|Any CPU.Build.0 = Debug|Any CPU
		{8ABE4A55-2E56-47E7-C026-C358E41919F9}.Release|Any CPU.ActiveCfg = Release|Any CPU
		{8ABE4A55-2E56-47E7-C026-C358E41919F9}.Release|Any CPU.Build.0 = Release|Any CPU
		{1461A40F-948C-0ED9-C10E-0BF4C342574C}.Debug|Any CPU.ActiveCfg = Debug|Any CPU
		{1461A40F-948C-0ED9-C10E-0BF4C342574C}.Debug|Any CPU.Build.0 = Debug|Any CPU
		{1461A40F-948C-0ED9-C10E-0BF4C342574C}.Release|Any CPU.ActiveCfg = Release|Any CPU
		{1461A40F-948C-0ED9-C10E-0BF4C342574C}.Release|Any CPU.Build.0 = Release|Any CPU
		{4CB6ADF3-ED7E-C342-C28C-F8D652B2E4E7}.Debug|Any CPU.ActiveCfg = Debug|Any CPU
		{4CB6ADF3-ED7E-C342-C28C-F8D652B2E4E7}.Debug|Any CPU.Build.0 = Debug|Any CPU
		{4CB6ADF3-ED7E-C342-C28C-F8D652B2E4E7}.Release|Any CPU.ActiveCfg = Release|Any CPU
		{4CB6ADF3-ED7E-C342-C28C-F8D652B2E4E7}.Release|Any CPU.Build.0 = Release|Any CPU
		{FF804C07-75CB-4ABE-ECDD-A91FC9516D41}.Debug|Any CPU.ActiveCfg = Debug|Any CPU
		{FF804C07-75CB-4ABE-ECDD-A91FC9516D41}.Debug|Any CPU.Build.0 = Debug|Any CPU
		{FF804C07-75CB-4ABE-ECDD-A91FC9516D41}.Release|Any CPU.ActiveCfg = Release|Any CPU
		{FF804C07-75CB-4ABE-ECDD-A91FC9516D41}.Release|Any CPU.Build.0 = Release|Any CPU
		{6AE565C6-FEC1-EF6B-2518-7BAF7D8A1FFE}.Debug|Any CPU.ActiveCfg = Debug|Any CPU
		{6AE565C6-FEC1-EF6B-2518-7BAF7D8A1FFE}.Debug|Any CPU.Build.0 = Debug|Any CPU
		{6AE565C6-FEC1-EF6B-2518-7BAF7D8A1FFE}.Release|Any CPU.ActiveCfg = Release|Any CPU
		{6AE565C6-FEC1-EF6B-2518-7BAF7D8A1FFE}.Release|Any CPU.Build.0 = Release|Any CPU
		{66DB29D0-E17B-C28E-0427-618A06C8BD69}.Debug|Any CPU.ActiveCfg = Debug|Any CPU
		{66DB29D0-E17B-C28E-0427-618A06C8BD69}.Debug|Any CPU.Build.0 = Debug|Any CPU
		{66DB29D0-E17B-C28E-0427-618A06C8BD69}.Release|Any CPU.ActiveCfg = Release|Any CPU
		{66DB29D0-E17B-C28E-0427-618A06C8BD69}.Release|Any CPU.Build.0 = Release|Any CPU
		{69F48C4B-6932-41B8-271A-5AEDD5DE7AF6}.Debug|Any CPU.ActiveCfg = Debug|Any CPU
		{69F48C4B-6932-41B8-271A-5AEDD5DE7AF6}.Debug|Any CPU.Build.0 = Debug|Any CPU
		{69F48C4B-6932-41B8-271A-5AEDD5DE7AF6}.Release|Any CPU.ActiveCfg = Release|Any CPU
		{69F48C4B-6932-41B8-271A-5AEDD5DE7AF6}.Release|Any CPU.Build.0 = Release|Any CPU
		{6096B022-16F2-5C64-E84C-B2987C6C641B}.Debug|Any CPU.ActiveCfg = Debug|Any CPU
		{6096B022-16F2-5C64-E84C-B2987C6C641B}.Debug|Any CPU.Build.0 = Debug|Any CPU
		{6096B022-16F2-5C64-E84C-B2987C6C641B}.Release|Any CPU.ActiveCfg = Release|Any CPU
		{6096B022-16F2-5C64-E84C-B2987C6C641B}.Release|Any CPU.Build.0 = Release|Any CPU
		{753A8F0E-CB24-923C-AC52-BAA7AEAD2C3E}.Debug|Any CPU.ActiveCfg = Debug|Any CPU
		{753A8F0E-CB24-923C-AC52-BAA7AEAD2C3E}.Debug|Any CPU.Build.0 = Debug|Any CPU
		{753A8F0E-CB24-923C-AC52-BAA7AEAD2C3E}.Release|Any CPU.ActiveCfg = Release|Any CPU
		{753A8F0E-CB24-923C-AC52-BAA7AEAD2C3E}.Release|Any CPU.Build.0 = Release|Any CPU
		{28BB612B-AC8D-6229-7D29-DAFF97ED612A}.Debug|Any CPU.ActiveCfg = Debug|Any CPU
		{28BB612B-AC8D-6229-7D29-DAFF97ED612A}.Debug|Any CPU.Build.0 = Debug|Any CPU
		{28BB612B-AC8D-6229-7D29-DAFF97ED612A}.Release|Any CPU.ActiveCfg = Release|Any CPU
		{28BB612B-AC8D-6229-7D29-DAFF97ED612A}.Release|Any CPU.Build.0 = Release|Any CPU
		{D624BDD2-70F4-F2DA-521D-584F275A5DBB}.Debug|Any CPU.ActiveCfg = Debug|Any CPU
		{D624BDD2-70F4-F2DA-521D-584F275A5DBB}.Debug|Any CPU.Build.0 = Debug|Any CPU
		{D624BDD2-70F4-F2DA-521D-584F275A5DBB}.Release|Any CPU.ActiveCfg = Release|Any CPU
		{D624BDD2-70F4-F2DA-521D-584F275A5DBB}.Release|Any CPU.Build.0 = Release|Any CPU
		{BD766D27-54BF-5F5E-2687-24C8F7A1C0DB}.Debug|Any CPU.ActiveCfg = Debug|Any CPU
		{BD766D27-54BF-5F5E-2687-24C8F7A1C0DB}.Debug|Any CPU.Build.0 = Debug|Any CPU
		{BD766D27-54BF-5F5E-2687-24C8F7A1C0DB}.Release|Any CPU.ActiveCfg = Release|Any CPU
		{BD766D27-54BF-5F5E-2687-24C8F7A1C0DB}.Release|Any CPU.Build.0 = Release|Any CPU
		{850CA4F3-9F0E-0AE6-55B2-A01E69CCCD23}.Debug|Any CPU.ActiveCfg = Debug|Any CPU
		{850CA4F3-9F0E-0AE6-55B2-A01E69CCCD23}.Debug|Any CPU.Build.0 = Debug|Any CPU
		{850CA4F3-9F0E-0AE6-55B2-A01E69CCCD23}.Release|Any CPU.ActiveCfg = Release|Any CPU
		{850CA4F3-9F0E-0AE6-55B2-A01E69CCCD23}.Release|Any CPU.Build.0 = Release|Any CPU
		{6080E4D2-BB36-5C0A-97CB-0A92C0B24552}.Debug|Any CPU.ActiveCfg = Debug|Any CPU
		{6080E4D2-BB36-5C0A-97CB-0A92C0B24552}.Debug|Any CPU.Build.0 = Debug|Any CPU
		{6080E4D2-BB36-5C0A-97CB-0A92C0B24552}.Release|Any CPU.ActiveCfg = Release|Any CPU
		{6080E4D2-BB36-5C0A-97CB-0A92C0B24552}.Release|Any CPU.Build.0 = Release|Any CPU
		{1A14E836-9851-1044-530B-11F4EA3B335F}.Debug|Any CPU.ActiveCfg = Debug|Any CPU
		{1A14E836-9851-1044-530B-11F4EA3B335F}.Debug|Any CPU.Build.0 = Debug|Any CPU
		{1A14E836-9851-1044-530B-11F4EA3B335F}.Release|Any CPU.ActiveCfg = Release|Any CPU
		{1A14E836-9851-1044-530B-11F4EA3B335F}.Release|Any CPU.Build.0 = Release|Any CPU
		{575B8770-000E-031F-47D6-EFE4261A814C}.Debug|Any CPU.ActiveCfg = Debug|Any CPU
		{575B8770-000E-031F-47D6-EFE4261A814C}.Debug|Any CPU.Build.0 = Debug|Any CPU
		{575B8770-000E-031F-47D6-EFE4261A814C}.Release|Any CPU.ActiveCfg = Release|Any CPU
		{575B8770-000E-031F-47D6-EFE4261A814C}.Release|Any CPU.Build.0 = Release|Any CPU
		{CE419737-169F-8A6A-5ADA-EE850DF0A53C}.Debug|Any CPU.ActiveCfg = Debug|Any CPU
		{CE419737-169F-8A6A-5ADA-EE850DF0A53C}.Debug|Any CPU.Build.0 = Debug|Any CPU
		{CE419737-169F-8A6A-5ADA-EE850DF0A53C}.Release|Any CPU.ActiveCfg = Release|Any CPU
		{CE419737-169F-8A6A-5ADA-EE850DF0A53C}.Release|Any CPU.Build.0 = Release|Any CPU
		{DC0DD792-4E50-D397-C769-0840D8A2998C}.Debug|Any CPU.ActiveCfg = Debug|Any CPU
		{DC0DD792-4E50-D397-C769-0840D8A2998C}.Debug|Any CPU.Build.0 = Debug|Any CPU
		{DC0DD792-4E50-D397-C769-0840D8A2998C}.Release|Any CPU.ActiveCfg = Release|Any CPU
		{DC0DD792-4E50-D397-C769-0840D8A2998C}.Release|Any CPU.Build.0 = Release|Any CPU
		{D4E9BB62-1B44-DC57-9407-BECD9DD57FBB}.Debug|Any CPU.ActiveCfg = Debug|Any CPU
		{D4E9BB62-1B44-DC57-9407-BECD9DD57FBB}.Debug|Any CPU.Build.0 = Debug|Any CPU
		{D4E9BB62-1B44-DC57-9407-BECD9DD57FBB}.Release|Any CPU.ActiveCfg = Release|Any CPU
		{D4E9BB62-1B44-DC57-9407-BECD9DD57FBB}.Release|Any CPU.Build.0 = Release|Any CPU
		{5F417128-16C7-8319-8E95-37430870CA2D}.Debug|Any CPU.ActiveCfg = Debug|Any CPU
		{5F417128-16C7-8319-8E95-37430870CA2D}.Debug|Any CPU.Build.0 = Debug|Any CPU
		{5F417128-16C7-8319-8E95-37430870CA2D}.Release|Any CPU.ActiveCfg = Release|Any CPU
		{5F417128-16C7-8319-8E95-37430870CA2D}.Release|Any CPU.Build.0 = Release|Any CPU
		{66DE9374-1F8E-AA61-38E9-72AFFB50C981}.Debug|Any CPU.ActiveCfg = Debug|Any CPU
		{66DE9374-1F8E-AA61-38E9-72AFFB50C981}.Debug|Any CPU.Build.0 = Debug|Any CPU
		{66DE9374-1F8E-AA61-38E9-72AFFB50C981}.Release|Any CPU.ActiveCfg = Release|Any CPU
		{66DE9374-1F8E-AA61-38E9-72AFFB50C981}.Release|Any CPU.Build.0 = Release|Any CPU
		{5279452E-4319-D079-2B6B-3B92C35F36EA}.Debug|Any CPU.ActiveCfg = Debug|Any CPU
		{5279452E-4319-D079-2B6B-3B92C35F36EA}.Debug|Any CPU.Build.0 = Debug|Any CPU
		{5279452E-4319-D079-2B6B-3B92C35F36EA}.Release|Any CPU.ActiveCfg = Release|Any CPU
		{5279452E-4319-D079-2B6B-3B92C35F36EA}.Release|Any CPU.Build.0 = Release|Any CPU
		{202D8F79-B137-D0D7-619A-4ECC7431F850}.Debug|Any CPU.ActiveCfg = Debug|Any CPU
		{202D8F79-B137-D0D7-619A-4ECC7431F850}.Debug|Any CPU.Build.0 = Debug|Any CPU
		{202D8F79-B137-D0D7-619A-4ECC7431F850}.Release|Any CPU.ActiveCfg = Release|Any CPU
		{202D8F79-B137-D0D7-619A-4ECC7431F850}.Release|Any CPU.Build.0 = Release|Any CPU
		{ED4EC1B6-FA12-D6CB-5997-3F0A2866719F}.Debug|Any CPU.ActiveCfg = Debug|Any CPU
		{ED4EC1B6-FA12-D6CB-5997-3F0A2866719F}.Debug|Any CPU.Build.0 = Debug|Any CPU
		{ED4EC1B6-FA12-D6CB-5997-3F0A2866719F}.Release|Any CPU.ActiveCfg = Release|Any CPU
		{ED4EC1B6-FA12-D6CB-5997-3F0A2866719F}.Release|Any CPU.Build.0 = Release|Any CPU
		{233C0213-C975-CA86-3492-A4D0044B29E4}.Debug|Any CPU.ActiveCfg = Debug|Any CPU
		{233C0213-C975-CA86-3492-A4D0044B29E4}.Debug|Any CPU.Build.0 = Debug|Any CPU
		{233C0213-C975-CA86-3492-A4D0044B29E4}.Release|Any CPU.ActiveCfg = Release|Any CPU
		{233C0213-C975-CA86-3492-A4D0044B29E4}.Release|Any CPU.Build.0 = Release|Any CPU
		{92C7D73E-BF01-0097-6F79-99629EC5DAF8}.Debug|Any CPU.ActiveCfg = Debug|Any CPU
		{92C7D73E-BF01-0097-6F79-99629EC5DAF8}.Debug|Any CPU.Build.0 = Debug|Any CPU
		{92C7D73E-BF01-0097-6F79-99629EC5DAF8}.Release|Any CPU.ActiveCfg = Release|Any CPU
		{92C7D73E-BF01-0097-6F79-99629EC5DAF8}.Release|Any CPU.Build.0 = Release|Any CPU
		{6B4CBAAA-8722-F91E-F164-CE5FA70C9F08}.Debug|Any CPU.ActiveCfg = Debug|Any CPU
		{6B4CBAAA-8722-F91E-F164-CE5FA70C9F08}.Debug|Any CPU.Build.0 = Debug|Any CPU
		{6B4CBAAA-8722-F91E-F164-CE5FA70C9F08}.Release|Any CPU.ActiveCfg = Release|Any CPU
		{6B4CBAAA-8722-F91E-F164-CE5FA70C9F08}.Release|Any CPU.Build.0 = Release|Any CPU
		{C03C3AEC-D682-1E1E-BB79-E60B811DBF04}.Debug|Any CPU.ActiveCfg = Debug|Any CPU
		{C03C3AEC-D682-1E1E-BB79-E60B811DBF04}.Debug|Any CPU.Build.0 = Debug|Any CPU
		{C03C3AEC-D682-1E1E-BB79-E60B811DBF04}.Release|Any CPU.ActiveCfg = Release|Any CPU
		{C03C3AEC-D682-1E1E-BB79-E60B811DBF04}.Release|Any CPU.Build.0 = Release|Any CPU
		{4660975A-3B99-E4C7-D887-6A78771BDAEF}.Debug|Any CPU.ActiveCfg = Debug|Any CPU
		{4660975A-3B99-E4C7-D887-6A78771BDAEF}.Debug|Any CPU.Build.0 = Debug|Any CPU
		{4660975A-3B99-E4C7-D887-6A78771BDAEF}.Release|Any CPU.ActiveCfg = Release|Any CPU
		{4660975A-3B99-E4C7-D887-6A78771BDAEF}.Release|Any CPU.Build.0 = Release|Any CPU
		{076A3D2D-1168-0032-53B2-5E77740E0752}.Debug|Any CPU.ActiveCfg = Debug|Any CPU
		{076A3D2D-1168-0032-53B2-5E77740E0752}.Debug|Any CPU.Build.0 = Debug|Any CPU
		{076A3D2D-1168-0032-53B2-5E77740E0752}.Release|Any CPU.ActiveCfg = Release|Any CPU
		{076A3D2D-1168-0032-53B2-5E77740E0752}.Release|Any CPU.Build.0 = Release|Any CPU
		{CF92F7B1-A3A9-B92A-47F6-F4A39B55B1CA}.Debug|Any CPU.ActiveCfg = Debug|Any CPU
		{CF92F7B1-A3A9-B92A-47F6-F4A39B55B1CA}.Debug|Any CPU.Build.0 = Debug|Any CPU
		{CF92F7B1-A3A9-B92A-47F6-F4A39B55B1CA}.Release|Any CPU.ActiveCfg = Release|Any CPU
		{CF92F7B1-A3A9-B92A-47F6-F4A39B55B1CA}.Release|Any CPU.Build.0 = Release|Any CPU
		{B537CEE4-D7C4-E94E-A2DF-B9A658E50E44}.Debug|Any CPU.ActiveCfg = Debug|Any CPU
		{B537CEE4-D7C4-E94E-A2DF-B9A658E50E44}.Debug|Any CPU.Build.0 = Debug|Any CPU
		{B537CEE4-D7C4-E94E-A2DF-B9A658E50E44}.Release|Any CPU.ActiveCfg = Release|Any CPU
		{B537CEE4-D7C4-E94E-A2DF-B9A658E50E44}.Release|Any CPU.Build.0 = Release|Any CPU
		{6E8667A6-E0CA-2140-71EB-70ABA22B5CDB}.Debug|Any CPU.ActiveCfg = Debug|Any CPU
		{6E8667A6-E0CA-2140-71EB-70ABA22B5CDB}.Debug|Any CPU.Build.0 = Debug|Any CPU
		{6E8667A6-E0CA-2140-71EB-70ABA22B5CDB}.Release|Any CPU.ActiveCfg = Release|Any CPU
		{6E8667A6-E0CA-2140-71EB-70ABA22B5CDB}.Release|Any CPU.Build.0 = Release|Any CPU
		{576790F6-D0E2-E9BF-729E-A9B7F8E32DA9}.Debug|Any CPU.ActiveCfg = Debug|Any CPU
		{576790F6-D0E2-E9BF-729E-A9B7F8E32DA9}.Debug|Any CPU.Build.0 = Debug|Any CPU
		{576790F6-D0E2-E9BF-729E-A9B7F8E32DA9}.Release|Any CPU.ActiveCfg = Release|Any CPU
		{576790F6-D0E2-E9BF-729E-A9B7F8E32DA9}.Release|Any CPU.Build.0 = Release|Any CPU
		{749D6CC3-3407-78AA-9449-9E5051BA6DEE}.Debug|Any CPU.ActiveCfg = Debug|Any CPU
		{749D6CC3-3407-78AA-9449-9E5051BA6DEE}.Debug|Any CPU.Build.0 = Debug|Any CPU
		{749D6CC3-3407-78AA-9449-9E5051BA6DEE}.Release|Any CPU.ActiveCfg = Release|Any CPU
		{749D6CC3-3407-78AA-9449-9E5051BA6DEE}.Release|Any CPU.Build.0 = Release|Any CPU
		{05A202E8-7EF3-A923-BEF0-4F4F9D38016A}.Debug|Any CPU.ActiveCfg = Debug|Any CPU
		{05A202E8-7EF3-A923-BEF0-4F4F9D38016A}.Debug|Any CPU.Build.0 = Debug|Any CPU
		{05A202E8-7EF3-A923-BEF0-4F4F9D38016A}.Release|Any CPU.ActiveCfg = Release|Any CPU
		{05A202E8-7EF3-A923-BEF0-4F4F9D38016A}.Release|Any CPU.Build.0 = Release|Any CPU
		{41BCB76B-FA8D-6060-0483-F24EE4EEF4BD}.Debug|Any CPU.ActiveCfg = Debug|Any CPU
		{41BCB76B-FA8D-6060-0483-F24EE4EEF4BD}.Debug|Any CPU.Build.0 = Debug|Any CPU
		{41BCB76B-FA8D-6060-0483-F24EE4EEF4BD}.Release|Any CPU.ActiveCfg = Release|Any CPU
		{41BCB76B-FA8D-6060-0483-F24EE4EEF4BD}.Release|Any CPU.Build.0 = Release|Any CPU
		{574C882D-DE49-EBBD-A144-8C13FBC965A0}.Debug|Any CPU.ActiveCfg = Debug|Any CPU
		{574C882D-DE49-EBBD-A144-8C13FBC965A0}.Debug|Any CPU.Build.0 = Debug|Any CPU
		{574C882D-DE49-EBBD-A144-8C13FBC965A0}.Release|Any CPU.ActiveCfg = Release|Any CPU
		{574C882D-DE49-EBBD-A144-8C13FBC965A0}.Release|Any CPU.Build.0 = Release|Any CPU
		{4DF0831D-3DF2-3C2C-CB25-7287F0D502FC}.Debug|Any CPU.ActiveCfg = Debug|Any CPU
		{4DF0831D-3DF2-3C2C-CB25-7287F0D502FC}.Debug|Any CPU.Build.0 = Debug|Any CPU
		{4DF0831D-3DF2-3C2C-CB25-7287F0D502FC}.Release|Any CPU.ActiveCfg = Release|Any CPU
		{4DF0831D-3DF2-3C2C-CB25-7287F0D502FC}.Release|Any CPU.Build.0 = Release|Any CPU
		{E7FADB19-1414-CA41-84A5-9D414F62C45C}.Debug|Any CPU.ActiveCfg = Debug|Any CPU
		{E7FADB19-1414-CA41-84A5-9D414F62C45C}.Debug|Any CPU.Build.0 = Debug|Any CPU
		{E7FADB19-1414-CA41-84A5-9D414F62C45C}.Release|Any CPU.ActiveCfg = Release|Any CPU
		{E7FADB19-1414-CA41-84A5-9D414F62C45C}.Release|Any CPU.Build.0 = Release|Any CPU
		{65E341F2-E00C-2F07-060B-EC6C7B26EDB4}.Debug|Any CPU.ActiveCfg = Debug|Any CPU
		{65E341F2-E00C-2F07-060B-EC6C7B26EDB4}.Debug|Any CPU.Build.0 = Debug|Any CPU
		{65E341F2-E00C-2F07-060B-EC6C7B26EDB4}.Release|Any CPU.ActiveCfg = Release|Any CPU
		{65E341F2-E00C-2F07-060B-EC6C7B26EDB4}.Release|Any CPU.Build.0 = Release|Any CPU
		{6C52E2A5-E67B-081B-833C-981CF4359FD7}.Debug|Any CPU.ActiveCfg = Debug|Any CPU
		{6C52E2A5-E67B-081B-833C-981CF4359FD7}.Debug|Any CPU.Build.0 = Debug|Any CPU
		{6C52E2A5-E67B-081B-833C-981CF4359FD7}.Release|Any CPU.ActiveCfg = Release|Any CPU
		{6C52E2A5-E67B-081B-833C-981CF4359FD7}.Release|Any CPU.Build.0 = Release|Any CPU
		{6D75BD70-AC4A-3688-8BF1-520A5376091A}.Debug|Any CPU.ActiveCfg = Debug|Any CPU
		{6D75BD70-AC4A-3688-8BF1-520A5376091A}.Debug|Any CPU.Build.0 = Debug|Any CPU
		{6D75BD70-AC4A-3688-8BF1-520A5376091A}.Release|Any CPU.ActiveCfg = Release|Any CPU
		{6D75BD70-AC4A-3688-8BF1-520A5376091A}.Release|Any CPU.Build.0 = Release|Any CPU
		{68E95CE3-09EF-B415-CEB7-9031182228CF}.Debug|Any CPU.ActiveCfg = Debug|Any CPU
		{68E95CE3-09EF-B415-CEB7-9031182228CF}.Debug|Any CPU.Build.0 = Debug|Any CPU
		{68E95CE3-09EF-B415-CEB7-9031182228CF}.Release|Any CPU.ActiveCfg = Release|Any CPU
		{68E95CE3-09EF-B415-CEB7-9031182228CF}.Release|Any CPU.Build.0 = Release|Any CPU
		{D8F52280-E1DA-AF68-101E-F4C9104AC66F}.Debug|Any CPU.ActiveCfg = Debug|Any CPU
		{D8F52280-E1DA-AF68-101E-F4C9104AC66F}.Debug|Any CPU.Build.0 = Debug|Any CPU
		{D8F52280-E1DA-AF68-101E-F4C9104AC66F}.Release|Any CPU.ActiveCfg = Release|Any CPU
		{D8F52280-E1DA-AF68-101E-F4C9104AC66F}.Release|Any CPU.Build.0 = Release|Any CPU
		{310B7770-FC6B-F7EA-8634-3C94CE7CADA7}.Debug|Any CPU.ActiveCfg = Debug|Any CPU
		{310B7770-FC6B-F7EA-8634-3C94CE7CADA7}.Debug|Any CPU.Build.0 = Debug|Any CPU
		{310B7770-FC6B-F7EA-8634-3C94CE7CADA7}.Release|Any CPU.ActiveCfg = Release|Any CPU
		{310B7770-FC6B-F7EA-8634-3C94CE7CADA7}.Release|Any CPU.Build.0 = Release|Any CPU
		{F2DBCEA3-F851-BAF2-CFD3-399D510281DA}.Debug|Any CPU.ActiveCfg = Debug|Any CPU
		{F2DBCEA3-F851-BAF2-CFD3-399D510281DA}.Debug|Any CPU.Build.0 = Debug|Any CPU
		{F2DBCEA3-F851-BAF2-CFD3-399D510281DA}.Release|Any CPU.ActiveCfg = Release|Any CPU
		{F2DBCEA3-F851-BAF2-CFD3-399D510281DA}.Release|Any CPU.Build.0 = Release|Any CPU
		{724D609D-5830-EB82-CFE0-58E3D5CF3646}.Debug|Any CPU.ActiveCfg = Debug|Any CPU
		{724D609D-5830-EB82-CFE0-58E3D5CF3646}.Debug|Any CPU.Build.0 = Debug|Any CPU
		{724D609D-5830-EB82-CFE0-58E3D5CF3646}.Release|Any CPU.ActiveCfg = Release|Any CPU
		{724D609D-5830-EB82-CFE0-58E3D5CF3646}.Release|Any CPU.Build.0 = Release|Any CPU
		{3A31B3EB-BA77-0874-98EC-887C98DB99E7}.Debug|Any CPU.ActiveCfg = Debug|Any CPU
		{3A31B3EB-BA77-0874-98EC-887C98DB99E7}.Debug|Any CPU.Build.0 = Debug|Any CPU
		{3A31B3EB-BA77-0874-98EC-887C98DB99E7}.Release|Any CPU.ActiveCfg = Release|Any CPU
		{3A31B3EB-BA77-0874-98EC-887C98DB99E7}.Release|Any CPU.Build.0 = Release|Any CPU
		{1F234F7C-A4C1-F986-489D-7B9E90E5124D}.Debug|Any CPU.ActiveCfg = Debug|Any CPU
		{1F234F7C-A4C1-F986-489D-7B9E90E5124D}.Debug|Any CPU.Build.0 = Debug|Any CPU
		{1F234F7C-A4C1-F986-489D-7B9E90E5124D}.Release|Any CPU.ActiveCfg = Release|Any CPU
		{1F234F7C-A4C1-F986-489D-7B9E90E5124D}.Release|Any CPU.Build.0 = Release|Any CPU
		{D534FE9C-B774-791E-2B1A-A0F4A8B7872F}.Debug|Any CPU.ActiveCfg = Debug|Any CPU
		{D534FE9C-B774-791E-2B1A-A0F4A8B7872F}.Debug|Any CPU.Build.0 = Debug|Any CPU
		{D534FE9C-B774-791E-2B1A-A0F4A8B7872F}.Release|Any CPU.ActiveCfg = Release|Any CPU
		{D534FE9C-B774-791E-2B1A-A0F4A8B7872F}.Release|Any CPU.Build.0 = Release|Any CPU
	EndGlobalSection
	GlobalSection(SolutionProperties) = preSolution
		HideSolutionNode = FALSE
	EndGlobalSection
EndGlobal
